
Microsoft Visual Studio Solution File, Format Version 12.00
# Visual Studio 2013
VisualStudioVersion = 12.0.40629.0
MinimumVisualStudioVersion = 10.0.40219.1
Project("{FAE04EC0-301F-11D3-BF4B-00C04F79EFBC}") = "CommonControls", "CommonControls.csproj", "{B5EA8E6F-0B66-4F39-B329-E1C81D22E79E}"
EndProject
Global
	GlobalSection(SolutionConfigurationPlatforms) = preSolution
		Debug|Any CPU = Debug|Any CPU
		Release|Any CPU = Release|Any CPU
	EndGlobalSection
	GlobalSection(ProjectConfigurationPlatforms) = postSolution
		{B5EA8E6F-0B66-4F39-B329-E1C81D22E79E}.Debug|Any CPU.ActiveCfg = Debug|Any CPU
		{B5EA8E6F-0B66-4F39-B329-E1C81D22E79E}.Debug|Any CPU.Build.0 = Debug|Any CPU
		{B5EA8E6F-0B66-4F39-B329-E1C81D22E79E}.Release|Any CPU.ActiveCfg = Release|Any CPU
		{B5EA8E6F-0B66-4F39-B329-E1C81D22E79E}.Release|Any CPU.Build.0 = Release|Any CPU
	EndGlobalSection
	GlobalSection(SolutionProperties) = preSolution
		HideSolutionNode = FALSE
	EndGlobalSection
EndGlobal
