
Microsoft Visual Studio Solution File, Format Version 12.00
# Visual Studio 2013
VisualStudioVersion = 12.0.40629.0
MinimumVisualStudioVersion = 10.0.40219.1
Project("{2150E333-8FDC-42A3-9474-1A3956D46DE8}") = "Indian Cinema", "Indian Cinema", "{BDC77C45-C944-4056-88B0-D31E1F76CCDC}"
EndProject
Project("{D954291E-2A0B-460D-934E-DC6B0785DB48}") = "Indian Cinema.Shared", "Indian Cinema\Indian Cinema.Shared\Indian Cinema.Shared.shproj", "{94F07243-7134-4B13-8C81-79FFE8A07C26}"
EndProject
Project("{FAE04EC0-301F-11D3-BF4B-00C04F79EFBC}") = "Indian Cinema.Windows", "Indian Cinema\Indian Cinema.Windows\Indian Cinema.Windows.csproj", "{21604DDD-B854-414E-886C-AD1CE16A95CC}"
EndProject
Project("{FAE04EC0-301F-11D3-BF4B-00C04F79EFBC}") = "Indian Cinema.WindowsPhone", "Indian Cinema\Indian Cinema.WindowsPhone\Indian Cinema.WindowsPhone.csproj", "{F24DAA85-2801-4009-B7EC-01413749A453}"
EndProject
Project("{FAE04EC0-301F-11D3-BF4B-00C04F79EFBC}") = "CommonWin81.Library", "CommonWin81.Library\CommonWin81.Library.csproj", "{135A2CB4-A6C0-4F9F-9FCE-754860AC3BF7}"
EndProject
Project("{FAE04EC0-301F-11D3-BF4B-00C04F79EFBC}") = "Html2Xaml", "Html2Xaml\Html2Xaml.csproj", "{F15DECBD-8406-4E60-99BA-D3C149DD601E}"
EndProject
Project("{FAE04EC0-301F-11D3-BF4B-00C04F79EFBC}") = "InsertIntoDataBase", "InsertIntoDataBase\InsertIntoDataBase.csproj", "{73B3E453-CC69-4F28-A96F-1BA45E49BDE1}"
EndProject
Project("{FAE04EC0-301F-11D3-BF4B-00C04F79EFBC}") = "OnlineVideosWin81.Controls", "OnlineVideosWin81.Controls\OnlineVideosWin81.Controls.csproj", "{26ECF585-52ED-4B7E-B2BC-DF51148683E3}"
EndProject
Project("{FAE04EC0-301F-11D3-BF4B-00C04F79EFBC}") = "OnlineVideosWin81.Data", "OnlineVideosWin81.Data\OnlineVideosWin81.Data.csproj", "{2C00A4A2-EF4B-41EF-828F-A72D8F4815B4}"
EndProject
Project("{FAE04EC0-301F-11D3-BF4B-00C04F79EFBC}") = "OnlineVideosWin81.Library", "OnlineVideosWin81.Library\OnlineVideosWin81.Library\OnlineVideosWin81.Library.csproj", "{9733FECE-9D05-4B8B-8EDA-936185EFCAFE}"
EndProject
Project("{FAE04EC0-301F-11D3-BF4B-00C04F79EFBC}") = "SyncStoriesWin81", "SyncStoriesWin81\SyncStoriesWin81.csproj", "{3353B43E-CB3F-418E-9475-12EC3FE9B78A}"
EndProject
Project("{FAE04EC0-301F-11D3-BF4B-00C04F79EFBC}") = "OnlineVideosCardGame", "OnlineVideosCardGame\OnlineVideosCardGame.csproj", "{2D6848F0-1FB1-485E-8BD3-669208384B00}"
EndProject
Project("{FAE04EC0-301F-11D3-BF4B-00C04F79EFBC}") = "OnlineVideosWin81.Services", "OnlineVideosWin81.Services\OnlineVideosWin81.Services.csproj", "{563AA655-F9AF-4B91-A1AA-2394A1791E1E}"
EndProject
Project("{FAE04EC0-301F-11D3-BF4B-00C04F79EFBC}") = "OnlineVideos.Entities", "OnlineVideos.Entities\OnlineVideos.Entities.csproj", "{4F958F4D-6BCA-47B4-A108-8C2E79F62F9B}"
EndProject
Project("{FAE04EC0-301F-11D3-BF4B-00C04F79EFBC}") = "Onlinevideos.Sqlite", "Onlinevideos.Sqlite\Onlinevideos.Sqlite.csproj", "{926E54F4-179B-48A5-A377-8F8641E4428C}"
EndProject
Project("{FAE04EC0-301F-11D3-BF4B-00C04F79EFBC}") = "OnlineVideosWin81.UI", "OnlineVideosWin81.UI\OnlineVideosWin81.UI.csproj", "{8BD11AF7-C57E-4FDA-BD36-144FE92F7E6A}"
EndProject
Project("{FAE04EC0-301F-11D3-BF4B-00C04F79EFBC}") = "PicasaMobileInterface", "PicasaMobileInterface\PicasaMobileInterface.csproj", "{C427EE44-2534-49F2-A8E9-4FD39131970E}"
EndProject
Project("{FAE04EC0-301F-11D3-BF4B-00C04F79EFBC}") = "Common.Library", "Common.Library\Common.Library.csproj", "{E5CAA85F-49E8-4EED-A860-DC862780B5C2}"
EndProject
Project("{FAE04EC0-301F-11D3-BF4B-00C04F79EFBC}") = "OnlineVideos.Data", "OnlineVideos.Data\OnlineVideos.Data.csproj", "{E884A056-F6D7-4221-A11D-388E1DEBB890}"
EndProject
Project("{FAE04EC0-301F-11D3-BF4B-00C04F79EFBC}") = "OnlineVideos.Common", "OnlineVideos.Common\OnlineVideos.Common.csproj", "{D554E2F9-2E62-45E0-B8B7-B253D2942E33}"
EndProject
Project("{2150E333-8FDC-42A3-9474-1A3956D46DE8}") = ".nuget", ".nuget", "{4D143741-FDF2-4C15-B6C5-159E5BE48870}"
	ProjectSection(SolutionItems) = preProject
		.nuget\NuGet.Config = .nuget\NuGet.Config
		.nuget\NuGet.exe = .nuget\NuGet.exe
		.nuget\NuGet.targets = .nuget\NuGet.targets
	EndProjectSection
EndProject
Project("{FAE04EC0-301F-11D3-BF4B-00C04F79EFBC}") = "Common.Utilities", "..\Common\Common.Utilities\Common.Utilities.csproj", "{1FA69077-30CF-404E-B773-A99A62E36A78}"
EndProject
Project("{FAE04EC0-301F-11D3-BF4B-00C04F79EFBC}") = "OnlineVideos.Library", "OnlineVideos.Library\OnlineVideos.Library.csproj", "{877F12EA-A160-4EF6-9A77-7A4F1D3AA100}"
EndProject
Project("{FAE04EC0-301F-11D3-BF4B-00C04F79EFBC}") = "OnlineVideos.UI", "OnlineVideos.UI\OnlineVideos.UI.csproj", "{55DE4C03-A52F-46D6-AF07-06CA93DC7C6D}"
EndProject
Project("{FAE04EC0-301F-11D3-BF4B-00C04F79EFBC}") = "SyncStories", "SyncStories\SyncStories.csproj", "{8A0159CE-0592-4CE8-A125-17021B92820E}"
EndProject
Project("{FAE04EC0-301F-11D3-BF4B-00C04F79EFBC}") = "BackgroundPlayer", "BackgroundPlayer\BackgroundPlayer.csproj", "{EFA2B544-93D4-4C7A-B6FF-A87CFE6B99BB}"
EndProject
Global
	GlobalSection(SharedMSBuildProjectFiles) = preSolution
		Indian Cinema\Indian Cinema.Shared\Indian Cinema.Shared.projitems*{94f07243-7134-4b13-8c81-79ffe8a07c26}*SharedItemsImports = 13
		Indian Cinema\Indian Cinema.Shared\Indian Cinema.Shared.projitems*{f24daa85-2801-4009-b7ec-01413749a453}*SharedItemsImports = 4
		Indian Cinema\Indian Cinema.Shared\Indian Cinema.Shared.projitems*{21604ddd-b854-414e-886c-ad1ce16a95cc}*SharedItemsImports = 4
	EndGlobalSection
	GlobalSection(SolutionConfigurationPlatforms) = preSolution
		Debug|Any CPU = Debug|Any CPU
		Debug|ARM = Debug|ARM
		Debug|Mixed Platforms = Debug|Mixed Platforms
		Debug|x64 = Debug|x64
		Debug|x86 = Debug|x86
		Release|Any CPU = Release|Any CPU
		Release|ARM = Release|ARM
		Release|Mixed Platforms = Release|Mixed Platforms
		Release|x64 = Release|x64
		Release|x86 = Release|x86
	EndGlobalSection
	GlobalSection(ProjectConfigurationPlatforms) = postSolution
		{21604DDD-B854-414E-886C-AD1CE16A95CC}.Debug|Any CPU.ActiveCfg = Debug|Any CPU
		{21604DDD-B854-414E-886C-AD1CE16A95CC}.Debug|Any CPU.Build.0 = Debug|Any CPU
		{21604DDD-B854-414E-886C-AD1CE16A95CC}.Debug|Any CPU.Deploy.0 = Debug|Any CPU
		{21604DDD-B854-414E-886C-AD1CE16A95CC}.Debug|ARM.ActiveCfg = Debug|ARM
		{21604DDD-B854-414E-886C-AD1CE16A95CC}.Debug|ARM.Build.0 = Debug|ARM
		{21604DDD-B854-414E-886C-AD1CE16A95CC}.Debug|ARM.Deploy.0 = Debug|ARM
		{21604DDD-B854-414E-886C-AD1CE16A95CC}.Debug|Mixed Platforms.ActiveCfg = Debug|x86
		{21604DDD-B854-414E-886C-AD1CE16A95CC}.Debug|Mixed Platforms.Build.0 = Debug|x86
		{21604DDD-B854-414E-886C-AD1CE16A95CC}.Debug|Mixed Platforms.Deploy.0 = Debug|x86
		{21604DDD-B854-414E-886C-AD1CE16A95CC}.Debug|x64.ActiveCfg = Debug|x64
		{21604DDD-B854-414E-886C-AD1CE16A95CC}.Debug|x64.Build.0 = Debug|x64
		{21604DDD-B854-414E-886C-AD1CE16A95CC}.Debug|x64.Deploy.0 = Debug|x64
		{21604DDD-B854-414E-886C-AD1CE16A95CC}.Debug|x86.ActiveCfg = Debug|x86
		{21604DDD-B854-414E-886C-AD1CE16A95CC}.Debug|x86.Build.0 = Debug|x86
		{21604DDD-B854-414E-886C-AD1CE16A95CC}.Debug|x86.Deploy.0 = Debug|x86
		{21604DDD-B854-414E-886C-AD1CE16A95CC}.Release|Any CPU.ActiveCfg = Release|Any CPU
		{21604DDD-B854-414E-886C-AD1CE16A95CC}.Release|Any CPU.Build.0 = Release|Any CPU
		{21604DDD-B854-414E-886C-AD1CE16A95CC}.Release|Any CPU.Deploy.0 = Release|Any CPU
		{21604DDD-B854-414E-886C-AD1CE16A95CC}.Release|ARM.ActiveCfg = Release|x86
		{21604DDD-B854-414E-886C-AD1CE16A95CC}.Release|ARM.Build.0 = Release|x86
		{21604DDD-B854-414E-886C-AD1CE16A95CC}.Release|ARM.Deploy.0 = Release|x86
		{21604DDD-B854-414E-886C-AD1CE16A95CC}.Release|Mixed Platforms.ActiveCfg = Release|x86
		{21604DDD-B854-414E-886C-AD1CE16A95CC}.Release|Mixed Platforms.Build.0 = Release|x86
		{21604DDD-B854-414E-886C-AD1CE16A95CC}.Release|Mixed Platforms.Deploy.0 = Release|x86
		{21604DDD-B854-414E-886C-AD1CE16A95CC}.Release|x64.ActiveCfg = Release|x64
		{21604DDD-B854-414E-886C-AD1CE16A95CC}.Release|x64.Build.0 = Release|x64
		{21604DDD-B854-414E-886C-AD1CE16A95CC}.Release|x64.Deploy.0 = Release|x64
		{21604DDD-B854-414E-886C-AD1CE16A95CC}.Release|x86.ActiveCfg = Release|x86
		{21604DDD-B854-414E-886C-AD1CE16A95CC}.Release|x86.Build.0 = Release|x86
		{21604DDD-B854-414E-886C-AD1CE16A95CC}.Release|x86.Deploy.0 = Release|x86
		{F24DAA85-2801-4009-B7EC-01413749A453}.Debug|Any CPU.ActiveCfg = Debug|Any CPU
		{F24DAA85-2801-4009-B7EC-01413749A453}.Debug|Any CPU.Build.0 = Debug|Any CPU
		{F24DAA85-2801-4009-B7EC-01413749A453}.Debug|Any CPU.Deploy.0 = Debug|Any CPU
		{F24DAA85-2801-4009-B7EC-01413749A453}.Debug|ARM.ActiveCfg = Debug|ARM
		{F24DAA85-2801-4009-B7EC-01413749A453}.Debug|ARM.Build.0 = Debug|ARM
		{F24DAA85-2801-4009-B7EC-01413749A453}.Debug|ARM.Deploy.0 = Debug|ARM
		{F24DAA85-2801-4009-B7EC-01413749A453}.Debug|Mixed Platforms.ActiveCfg = Debug|x86
		{F24DAA85-2801-4009-B7EC-01413749A453}.Debug|Mixed Platforms.Build.0 = Debug|x86
		{F24DAA85-2801-4009-B7EC-01413749A453}.Debug|Mixed Platforms.Deploy.0 = Debug|x86
		{F24DAA85-2801-4009-B7EC-01413749A453}.Debug|x64.ActiveCfg = Debug|Any CPU
		{F24DAA85-2801-4009-B7EC-01413749A453}.Debug|x86.ActiveCfg = Debug|x86
		{F24DAA85-2801-4009-B7EC-01413749A453}.Debug|x86.Build.0 = Debug|x86
		{F24DAA85-2801-4009-B7EC-01413749A453}.Debug|x86.Deploy.0 = Debug|x86
		{F24DAA85-2801-4009-B7EC-01413749A453}.Release|Any CPU.ActiveCfg = Release|Any CPU
		{F24DAA85-2801-4009-B7EC-01413749A453}.Release|Any CPU.Build.0 = Release|Any CPU
		{F24DAA85-2801-4009-B7EC-01413749A453}.Release|Any CPU.Deploy.0 = Release|Any CPU
		{F24DAA85-2801-4009-B7EC-01413749A453}.Release|ARM.ActiveCfg = Release|ARM
		{F24DAA85-2801-4009-B7EC-01413749A453}.Release|ARM.Build.0 = Release|ARM
		{F24DAA85-2801-4009-B7EC-01413749A453}.Release|ARM.Deploy.0 = Release|ARM
		{F24DAA85-2801-4009-B7EC-01413749A453}.Release|Mixed Platforms.ActiveCfg = Release|x86
		{F24DAA85-2801-4009-B7EC-01413749A453}.Release|Mixed Platforms.Build.0 = Release|x86
		{F24DAA85-2801-4009-B7EC-01413749A453}.Release|Mixed Platforms.Deploy.0 = Release|x86
		{F24DAA85-2801-4009-B7EC-01413749A453}.Release|x64.ActiveCfg = Release|Any CPU
		{F24DAA85-2801-4009-B7EC-01413749A453}.Release|x86.ActiveCfg = Release|x86
		{F24DAA85-2801-4009-B7EC-01413749A453}.Release|x86.Build.0 = Release|x86
		{F24DAA85-2801-4009-B7EC-01413749A453}.Release|x86.Deploy.0 = Release|x86
		{135A2CB4-A6C0-4F9F-9FCE-754860AC3BF7}.Debug|Any CPU.ActiveCfg = Debug|Any CPU
		{135A2CB4-A6C0-4F9F-9FCE-754860AC3BF7}.Debug|Any CPU.Build.0 = Debug|Any CPU
		{135A2CB4-A6C0-4F9F-9FCE-754860AC3BF7}.Debug|ARM.ActiveCfg = Debug|ARM
		{135A2CB4-A6C0-4F9F-9FCE-754860AC3BF7}.Debug|ARM.Build.0 = Debug|ARM
		{135A2CB4-A6C0-4F9F-9FCE-754860AC3BF7}.Debug|Mixed Platforms.ActiveCfg = Debug|x86
		{135A2CB4-A6C0-4F9F-9FCE-754860AC3BF7}.Debug|Mixed Platforms.Build.0 = Debug|x86
		{135A2CB4-A6C0-4F9F-9FCE-754860AC3BF7}.Debug|x64.ActiveCfg = Debug|x64
		{135A2CB4-A6C0-4F9F-9FCE-754860AC3BF7}.Debug|x64.Build.0 = Debug|x64
		{135A2CB4-A6C0-4F9F-9FCE-754860AC3BF7}.Debug|x86.ActiveCfg = Debug|x86
		{135A2CB4-A6C0-4F9F-9FCE-754860AC3BF7}.Debug|x86.Build.0 = Debug|x86
		{135A2CB4-A6C0-4F9F-9FCE-754860AC3BF7}.Release|Any CPU.ActiveCfg = Release|Any CPU
		{135A2CB4-A6C0-4F9F-9FCE-754860AC3BF7}.Release|Any CPU.Build.0 = Release|Any CPU
		{135A2CB4-A6C0-4F9F-9FCE-754860AC3BF7}.Release|ARM.ActiveCfg = Release|x86
		{135A2CB4-A6C0-4F9F-9FCE-754860AC3BF7}.Release|ARM.Build.0 = Release|x86
		{135A2CB4-A6C0-4F9F-9FCE-754860AC3BF7}.Release|Mixed Platforms.ActiveCfg = Release|x86
		{135A2CB4-A6C0-4F9F-9FCE-754860AC3BF7}.Release|Mixed Platforms.Build.0 = Release|x86
		{135A2CB4-A6C0-4F9F-9FCE-754860AC3BF7}.Release|x64.ActiveCfg = Release|x64
		{135A2CB4-A6C0-4F9F-9FCE-754860AC3BF7}.Release|x64.Build.0 = Release|x64
		{135A2CB4-A6C0-4F9F-9FCE-754860AC3BF7}.Release|x86.ActiveCfg = Release|x86
		{135A2CB4-A6C0-4F9F-9FCE-754860AC3BF7}.Release|x86.Build.0 = Release|x86
		{F15DECBD-8406-4E60-99BA-D3C149DD601E}.Debug|Any CPU.ActiveCfg = Debug|Any CPU
		{F15DECBD-8406-4E60-99BA-D3C149DD601E}.Debug|Any CPU.Build.0 = Debug|Any CPU
		{F15DECBD-8406-4E60-99BA-D3C149DD601E}.Debug|ARM.ActiveCfg = Debug|ARM
		{F15DECBD-8406-4E60-99BA-D3C149DD601E}.Debug|ARM.Build.0 = Debug|ARM
		{F15DECBD-8406-4E60-99BA-D3C149DD601E}.Debug|Mixed Platforms.ActiveCfg = Debug|x86
		{F15DECBD-8406-4E60-99BA-D3C149DD601E}.Debug|Mixed Platforms.Build.0 = Debug|x86
		{F15DECBD-8406-4E60-99BA-D3C149DD601E}.Debug|x64.ActiveCfg = Debug|x64
		{F15DECBD-8406-4E60-99BA-D3C149DD601E}.Debug|x64.Build.0 = Debug|x64
		{F15DECBD-8406-4E60-99BA-D3C149DD601E}.Debug|x86.ActiveCfg = Debug|x86
		{F15DECBD-8406-4E60-99BA-D3C149DD601E}.Debug|x86.Build.0 = Debug|x86
		{F15DECBD-8406-4E60-99BA-D3C149DD601E}.Release|Any CPU.ActiveCfg = Release|Any CPU
		{F15DECBD-8406-4E60-99BA-D3C149DD601E}.Release|Any CPU.Build.0 = Release|Any CPU
		{F15DECBD-8406-4E60-99BA-D3C149DD601E}.Release|ARM.ActiveCfg = Release|x86
		{F15DECBD-8406-4E60-99BA-D3C149DD601E}.Release|ARM.Build.0 = Release|x86
		{F15DECBD-8406-4E60-99BA-D3C149DD601E}.Release|Mixed Platforms.ActiveCfg = Release|x86
		{F15DECBD-8406-4E60-99BA-D3C149DD601E}.Release|Mixed Platforms.Build.0 = Release|x86
		{F15DECBD-8406-4E60-99BA-D3C149DD601E}.Release|x64.ActiveCfg = Release|x64
		{F15DECBD-8406-4E60-99BA-D3C149DD601E}.Release|x64.Build.0 = Release|x64
		{F15DECBD-8406-4E60-99BA-D3C149DD601E}.Release|x86.ActiveCfg = Release|x86
		{F15DECBD-8406-4E60-99BA-D3C149DD601E}.Release|x86.Build.0 = Release|x86
		{73B3E453-CC69-4F28-A96F-1BA45E49BDE1}.Debug|Any CPU.ActiveCfg = Debug|Any CPU
		{73B3E453-CC69-4F28-A96F-1BA45E49BDE1}.Debug|Any CPU.Build.0 = Debug|Any CPU
		{73B3E453-CC69-4F28-A96F-1BA45E49BDE1}.Debug|ARM.ActiveCfg = Debug|Any CPU
		{73B3E453-CC69-4F28-A96F-1BA45E49BDE1}.Debug|Mixed Platforms.ActiveCfg = Debug|Any CPU
		{73B3E453-CC69-4F28-A96F-1BA45E49BDE1}.Debug|Mixed Platforms.Build.0 = Debug|Any CPU
		{73B3E453-CC69-4F28-A96F-1BA45E49BDE1}.Debug|x64.ActiveCfg = Debug|Any CPU
		{73B3E453-CC69-4F28-A96F-1BA45E49BDE1}.Debug|x86.ActiveCfg = Debug|Any CPU
		{73B3E453-CC69-4F28-A96F-1BA45E49BDE1}.Release|Any CPU.ActiveCfg = Release|Any CPU
		{73B3E453-CC69-4F28-A96F-1BA45E49BDE1}.Release|Any CPU.Build.0 = Release|Any CPU
		{73B3E453-CC69-4F28-A96F-1BA45E49BDE1}.Release|ARM.ActiveCfg = Release|Any CPU
		{73B3E453-CC69-4F28-A96F-1BA45E49BDE1}.Release|ARM.Build.0 = Release|Any CPU
		{73B3E453-CC69-4F28-A96F-1BA45E49BDE1}.Release|Mixed Platforms.ActiveCfg = Release|Any CPU
		{73B3E453-CC69-4F28-A96F-1BA45E49BDE1}.Release|Mixed Platforms.Build.0 = Release|Any CPU
		{73B3E453-CC69-4F28-A96F-1BA45E49BDE1}.Release|x64.ActiveCfg = Release|Any CPU
		{73B3E453-CC69-4F28-A96F-1BA45E49BDE1}.Release|x86.ActiveCfg = Release|Any CPU
		{73B3E453-CC69-4F28-A96F-1BA45E49BDE1}.Release|x86.Build.0 = Release|Any CPU
		{26ECF585-52ED-4B7E-B2BC-DF51148683E3}.Debug|Any CPU.ActiveCfg = Debug|Any CPU
		{26ECF585-52ED-4B7E-B2BC-DF51148683E3}.Debug|Any CPU.Build.0 = Debug|Any CPU
		{26ECF585-52ED-4B7E-B2BC-DF51148683E3}.Debug|ARM.ActiveCfg = Debug|ARM
		{26ECF585-52ED-4B7E-B2BC-DF51148683E3}.Debug|ARM.Build.0 = Debug|ARM
		{26ECF585-52ED-4B7E-B2BC-DF51148683E3}.Debug|Mixed Platforms.ActiveCfg = Debug|x86
		{26ECF585-52ED-4B7E-B2BC-DF51148683E3}.Debug|Mixed Platforms.Build.0 = Debug|x86
		{26ECF585-52ED-4B7E-B2BC-DF51148683E3}.Debug|x64.ActiveCfg = Debug|x64
		{26ECF585-52ED-4B7E-B2BC-DF51148683E3}.Debug|x64.Build.0 = Debug|x64
		{26ECF585-52ED-4B7E-B2BC-DF51148683E3}.Debug|x86.ActiveCfg = Debug|x86
		{26ECF585-52ED-4B7E-B2BC-DF51148683E3}.Debug|x86.Build.0 = Debug|x86
		{26ECF585-52ED-4B7E-B2BC-DF51148683E3}.Release|Any CPU.ActiveCfg = Release|Any CPU
		{26ECF585-52ED-4B7E-B2BC-DF51148683E3}.Release|Any CPU.Build.0 = Release|Any CPU
		{26ECF585-52ED-4B7E-B2BC-DF51148683E3}.Release|ARM.ActiveCfg = Release|x86
		{26ECF585-52ED-4B7E-B2BC-DF51148683E3}.Release|ARM.Build.0 = Release|x86
		{26ECF585-52ED-4B7E-B2BC-DF51148683E3}.Release|Mixed Platforms.ActiveCfg = Release|x86
		{26ECF585-52ED-4B7E-B2BC-DF51148683E3}.Release|Mixed Platforms.Build.0 = Release|x86
		{26ECF585-52ED-4B7E-B2BC-DF51148683E3}.Release|x64.ActiveCfg = Release|x64
		{26ECF585-52ED-4B7E-B2BC-DF51148683E3}.Release|x64.Build.0 = Release|x64
		{26ECF585-52ED-4B7E-B2BC-DF51148683E3}.Release|x86.ActiveCfg = Release|x86
		{26ECF585-52ED-4B7E-B2BC-DF51148683E3}.Release|x86.Build.0 = Release|x86
		{2C00A4A2-EF4B-41EF-828F-A72D8F4815B4}.Debug|Any CPU.ActiveCfg = Debug|Any CPU
		{2C00A4A2-EF4B-41EF-828F-A72D8F4815B4}.Debug|Any CPU.Build.0 = Debug|Any CPU
		{2C00A4A2-EF4B-41EF-828F-A72D8F4815B4}.Debug|ARM.ActiveCfg = Debug|ARM
		{2C00A4A2-EF4B-41EF-828F-A72D8F4815B4}.Debug|ARM.Build.0 = Debug|ARM
		{2C00A4A2-EF4B-41EF-828F-A72D8F4815B4}.Debug|Mixed Platforms.ActiveCfg = Debug|x86
		{2C00A4A2-EF4B-41EF-828F-A72D8F4815B4}.Debug|Mixed Platforms.Build.0 = Debug|x86
		{2C00A4A2-EF4B-41EF-828F-A72D8F4815B4}.Debug|x64.ActiveCfg = Debug|x64
		{2C00A4A2-EF4B-41EF-828F-A72D8F4815B4}.Debug|x64.Build.0 = Debug|x64
		{2C00A4A2-EF4B-41EF-828F-A72D8F4815B4}.Debug|x86.ActiveCfg = Debug|x86
		{2C00A4A2-EF4B-41EF-828F-A72D8F4815B4}.Debug|x86.Build.0 = Debug|x86
		{2C00A4A2-EF4B-41EF-828F-A72D8F4815B4}.Release|Any CPU.ActiveCfg = Release|Any CPU
		{2C00A4A2-EF4B-41EF-828F-A72D8F4815B4}.Release|Any CPU.Build.0 = Release|Any CPU
		{2C00A4A2-EF4B-41EF-828F-A72D8F4815B4}.Release|ARM.ActiveCfg = Release|x86
		{2C00A4A2-EF4B-41EF-828F-A72D8F4815B4}.Release|ARM.Build.0 = Release|x86
		{2C00A4A2-EF4B-41EF-828F-A72D8F4815B4}.Release|Mixed Platforms.ActiveCfg = Release|x86
		{2C00A4A2-EF4B-41EF-828F-A72D8F4815B4}.Release|Mixed Platforms.Build.0 = Release|x86
		{2C00A4A2-EF4B-41EF-828F-A72D8F4815B4}.Release|x64.ActiveCfg = Release|x64
		{2C00A4A2-EF4B-41EF-828F-A72D8F4815B4}.Release|x64.Build.0 = Release|x64
		{2C00A4A2-EF4B-41EF-828F-A72D8F4815B4}.Release|x86.ActiveCfg = Release|x86
		{2C00A4A2-EF4B-41EF-828F-A72D8F4815B4}.Release|x86.Build.0 = Release|x86
		{9733FECE-9D05-4B8B-8EDA-936185EFCAFE}.Debug|Any CPU.ActiveCfg = Debug|Any CPU
		{9733FECE-9D05-4B8B-8EDA-936185EFCAFE}.Debug|Any CPU.Build.0 = Debug|Any CPU
		{9733FECE-9D05-4B8B-8EDA-936185EFCAFE}.Debug|ARM.ActiveCfg = Debug|ARM
		{9733FECE-9D05-4B8B-8EDA-936185EFCAFE}.Debug|ARM.Build.0 = Debug|ARM
		{9733FECE-9D05-4B8B-8EDA-936185EFCAFE}.Debug|Mixed Platforms.ActiveCfg = Debug|x86
		{9733FECE-9D05-4B8B-8EDA-936185EFCAFE}.Debug|Mixed Platforms.Build.0 = Debug|x86
		{9733FECE-9D05-4B8B-8EDA-936185EFCAFE}.Debug|x64.ActiveCfg = Debug|x64
		{9733FECE-9D05-4B8B-8EDA-936185EFCAFE}.Debug|x64.Build.0 = Debug|x64
		{9733FECE-9D05-4B8B-8EDA-936185EFCAFE}.Debug|x86.ActiveCfg = Debug|x86
		{9733FECE-9D05-4B8B-8EDA-936185EFCAFE}.Debug|x86.Build.0 = Debug|x86
		{9733FECE-9D05-4B8B-8EDA-936185EFCAFE}.Release|Any CPU.ActiveCfg = Release|Any CPU
		{9733FECE-9D05-4B8B-8EDA-936185EFCAFE}.Release|Any CPU.Build.0 = Release|Any CPU
		{9733FECE-9D05-4B8B-8EDA-936185EFCAFE}.Release|ARM.ActiveCfg = Release|x86
		{9733FECE-9D05-4B8B-8EDA-936185EFCAFE}.Release|ARM.Build.0 = Release|x86
		{9733FECE-9D05-4B8B-8EDA-936185EFCAFE}.Release|Mixed Platforms.ActiveCfg = Release|x86
		{9733FECE-9D05-4B8B-8EDA-936185EFCAFE}.Release|Mixed Platforms.Build.0 = Release|x86
		{9733FECE-9D05-4B8B-8EDA-936185EFCAFE}.Release|x64.ActiveCfg = Release|x64
		{9733FECE-9D05-4B8B-8EDA-936185EFCAFE}.Release|x64.Build.0 = Release|x64
		{9733FECE-9D05-4B8B-8EDA-936185EFCAFE}.Release|x86.ActiveCfg = Release|x86
		{9733FECE-9D05-4B8B-8EDA-936185EFCAFE}.Release|x86.Build.0 = Release|x86
		{3353B43E-CB3F-418E-9475-12EC3FE9B78A}.Debug|Any CPU.ActiveCfg = Debug|Any CPU
		{3353B43E-CB3F-418E-9475-12EC3FE9B78A}.Debug|Any CPU.Build.0 = Debug|Any CPU
		{3353B43E-CB3F-418E-9475-12EC3FE9B78A}.Debug|ARM.ActiveCfg = Debug|ARM
		{3353B43E-CB3F-418E-9475-12EC3FE9B78A}.Debug|ARM.Build.0 = Debug|ARM
		{3353B43E-CB3F-418E-9475-12EC3FE9B78A}.Debug|Mixed Platforms.ActiveCfg = Debug|x86
		{3353B43E-CB3F-418E-9475-12EC3FE9B78A}.Debug|Mixed Platforms.Build.0 = Debug|x86
		{3353B43E-CB3F-418E-9475-12EC3FE9B78A}.Debug|x64.ActiveCfg = Debug|x64
		{3353B43E-CB3F-418E-9475-12EC3FE9B78A}.Debug|x64.Build.0 = Debug|x64
		{3353B43E-CB3F-418E-9475-12EC3FE9B78A}.Debug|x86.ActiveCfg = Debug|x86
		{3353B43E-CB3F-418E-9475-12EC3FE9B78A}.Debug|x86.Build.0 = Debug|x86
		{3353B43E-CB3F-418E-9475-12EC3FE9B78A}.Release|Any CPU.ActiveCfg = Release|Any CPU
		{3353B43E-CB3F-418E-9475-12EC3FE9B78A}.Release|Any CPU.Build.0 = Release|Any CPU
		{3353B43E-CB3F-418E-9475-12EC3FE9B78A}.Release|ARM.ActiveCfg = Release|x86
		{3353B43E-CB3F-418E-9475-12EC3FE9B78A}.Release|ARM.Build.0 = Release|x86
		{3353B43E-CB3F-418E-9475-12EC3FE9B78A}.Release|Mixed Platforms.ActiveCfg = Release|x86
		{3353B43E-CB3F-418E-9475-12EC3FE9B78A}.Release|Mixed Platforms.Build.0 = Release|x86
		{3353B43E-CB3F-418E-9475-12EC3FE9B78A}.Release|x64.ActiveCfg = Release|x64
		{3353B43E-CB3F-418E-9475-12EC3FE9B78A}.Release|x64.Build.0 = Release|x64
		{3353B43E-CB3F-418E-9475-12EC3FE9B78A}.Release|x86.ActiveCfg = Release|x86
		{3353B43E-CB3F-418E-9475-12EC3FE9B78A}.Release|x86.Build.0 = Release|x86
		{2D6848F0-1FB1-485E-8BD3-669208384B00}.Debug|Any CPU.ActiveCfg = Debug|Any CPU
		{2D6848F0-1FB1-485E-8BD3-669208384B00}.Debug|Any CPU.Build.0 = Debug|Any CPU
		{2D6848F0-1FB1-485E-8BD3-669208384B00}.Debug|ARM.ActiveCfg = Debug|Any CPU
		{2D6848F0-1FB1-485E-8BD3-669208384B00}.Debug|Mixed Platforms.ActiveCfg = Debug|Any CPU
		{2D6848F0-1FB1-485E-8BD3-669208384B00}.Debug|Mixed Platforms.Build.0 = Debug|Any CPU
		{2D6848F0-1FB1-485E-8BD3-669208384B00}.Debug|x64.ActiveCfg = Debug|Any CPU
		{2D6848F0-1FB1-485E-8BD3-669208384B00}.Debug|x86.ActiveCfg = Debug|Any CPU
		{2D6848F0-1FB1-485E-8BD3-669208384B00}.Release|Any CPU.ActiveCfg = Release|Any CPU
		{2D6848F0-1FB1-485E-8BD3-669208384B00}.Release|Any CPU.Build.0 = Release|Any CPU
		{2D6848F0-1FB1-485E-8BD3-669208384B00}.Release|ARM.ActiveCfg = Release|Any CPU
		{2D6848F0-1FB1-485E-8BD3-669208384B00}.Release|ARM.Build.0 = Release|Any CPU
		{2D6848F0-1FB1-485E-8BD3-669208384B00}.Release|Mixed Platforms.ActiveCfg = Release|Any CPU
		{2D6848F0-1FB1-485E-8BD3-669208384B00}.Release|Mixed Platforms.Build.0 = Release|Any CPU
		{2D6848F0-1FB1-485E-8BD3-669208384B00}.Release|x64.ActiveCfg = Release|Any CPU
		{2D6848F0-1FB1-485E-8BD3-669208384B00}.Release|x86.ActiveCfg = Release|Any CPU
		{2D6848F0-1FB1-485E-8BD3-669208384B00}.Release|x86.Build.0 = Release|Any CPU
		{563AA655-F9AF-4B91-A1AA-2394A1791E1E}.Debug|Any CPU.ActiveCfg = Debug|Any CPU
		{563AA655-F9AF-4B91-A1AA-2394A1791E1E}.Debug|Any CPU.Build.0 = Debug|Any CPU
		{563AA655-F9AF-4B91-A1AA-2394A1791E1E}.Debug|ARM.ActiveCfg = Debug|ARM
		{563AA655-F9AF-4B91-A1AA-2394A1791E1E}.Debug|ARM.Build.0 = Debug|ARM
		{563AA655-F9AF-4B91-A1AA-2394A1791E1E}.Debug|Mixed Platforms.ActiveCfg = Debug|x86
		{563AA655-F9AF-4B91-A1AA-2394A1791E1E}.Debug|Mixed Platforms.Build.0 = Debug|x86
		{563AA655-F9AF-4B91-A1AA-2394A1791E1E}.Debug|x64.ActiveCfg = Debug|x64
		{563AA655-F9AF-4B91-A1AA-2394A1791E1E}.Debug|x64.Build.0 = Debug|x64
		{563AA655-F9AF-4B91-A1AA-2394A1791E1E}.Debug|x86.ActiveCfg = Debug|x86
		{563AA655-F9AF-4B91-A1AA-2394A1791E1E}.Debug|x86.Build.0 = Debug|x86
		{563AA655-F9AF-4B91-A1AA-2394A1791E1E}.Release|Any CPU.ActiveCfg = Release|Any CPU
		{563AA655-F9AF-4B91-A1AA-2394A1791E1E}.Release|Any CPU.Build.0 = Release|Any CPU
		{563AA655-F9AF-4B91-A1AA-2394A1791E1E}.Release|ARM.ActiveCfg = Release|x86
		{563AA655-F9AF-4B91-A1AA-2394A1791E1E}.Release|ARM.Build.0 = Release|x86
		{563AA655-F9AF-4B91-A1AA-2394A1791E1E}.Release|Mixed Platforms.ActiveCfg = Release|x86
		{563AA655-F9AF-4B91-A1AA-2394A1791E1E}.Release|Mixed Platforms.Build.0 = Release|x86
		{563AA655-F9AF-4B91-A1AA-2394A1791E1E}.Release|x64.ActiveCfg = Release|x64
		{563AA655-F9AF-4B91-A1AA-2394A1791E1E}.Release|x64.Build.0 = Release|x64
		{563AA655-F9AF-4B91-A1AA-2394A1791E1E}.Release|x86.ActiveCfg = Release|x86
		{563AA655-F9AF-4B91-A1AA-2394A1791E1E}.Release|x86.Build.0 = Release|x86
		{4F958F4D-6BCA-47B4-A108-8C2E79F62F9B}.Debug|Any CPU.ActiveCfg = Debug|Any CPU
		{4F958F4D-6BCA-47B4-A108-8C2E79F62F9B}.Debug|Any CPU.Build.0 = Debug|Any CPU
		{4F958F4D-6BCA-47B4-A108-8C2E79F62F9B}.Debug|ARM.ActiveCfg = Debug|Any CPU
		{4F958F4D-6BCA-47B4-A108-8C2E79F62F9B}.Debug|Mixed Platforms.ActiveCfg = Debug|Any CPU
		{4F958F4D-6BCA-47B4-A108-8C2E79F62F9B}.Debug|Mixed Platforms.Build.0 = Debug|Any CPU
		{4F958F4D-6BCA-47B4-A108-8C2E79F62F9B}.Debug|x64.ActiveCfg = Debug|Any CPU
		{4F958F4D-6BCA-47B4-A108-8C2E79F62F9B}.Debug|x86.ActiveCfg = Debug|Any CPU
		{4F958F4D-6BCA-47B4-A108-8C2E79F62F9B}.Release|Any CPU.ActiveCfg = Release|Any CPU
		{4F958F4D-6BCA-47B4-A108-8C2E79F62F9B}.Release|Any CPU.Build.0 = Release|Any CPU
		{4F958F4D-6BCA-47B4-A108-8C2E79F62F9B}.Release|ARM.ActiveCfg = Release|Any CPU
		{4F958F4D-6BCA-47B4-A108-8C2E79F62F9B}.Release|ARM.Build.0 = Release|Any CPU
		{4F958F4D-6BCA-47B4-A108-8C2E79F62F9B}.Release|Mixed Platforms.ActiveCfg = Release|Any CPU
		{4F958F4D-6BCA-47B4-A108-8C2E79F62F9B}.Release|Mixed Platforms.Build.0 = Release|Any CPU
		{4F958F4D-6BCA-47B4-A108-8C2E79F62F9B}.Release|x64.ActiveCfg = Release|Any CPU
		{4F958F4D-6BCA-47B4-A108-8C2E79F62F9B}.Release|x86.ActiveCfg = Release|Any CPU
		{4F958F4D-6BCA-47B4-A108-8C2E79F62F9B}.Release|x86.Build.0 = Release|Any CPU
		{926E54F4-179B-48A5-A377-8F8641E4428C}.Debug|Any CPU.ActiveCfg = Debug|Any CPU
		{926E54F4-179B-48A5-A377-8F8641E4428C}.Debug|Any CPU.Build.0 = Debug|Any CPU
		{926E54F4-179B-48A5-A377-8F8641E4428C}.Debug|ARM.ActiveCfg = Debug|Any CPU
		{926E54F4-179B-48A5-A377-8F8641E4428C}.Debug|Mixed Platforms.ActiveCfg = Debug|Any CPU
		{926E54F4-179B-48A5-A377-8F8641E4428C}.Debug|Mixed Platforms.Build.0 = Debug|Any CPU
		{926E54F4-179B-48A5-A377-8F8641E4428C}.Debug|x64.ActiveCfg = Debug|Any CPU
		{926E54F4-179B-48A5-A377-8F8641E4428C}.Debug|x86.ActiveCfg = Debug|Any CPU
		{926E54F4-179B-48A5-A377-8F8641E4428C}.Release|Any CPU.ActiveCfg = Release|Any CPU
		{926E54F4-179B-48A5-A377-8F8641E4428C}.Release|Any CPU.Build.0 = Release|Any CPU
		{926E54F4-179B-48A5-A377-8F8641E4428C}.Release|ARM.ActiveCfg = Release|Any CPU
		{926E54F4-179B-48A5-A377-8F8641E4428C}.Release|ARM.Build.0 = Release|Any CPU
		{926E54F4-179B-48A5-A377-8F8641E4428C}.Release|Mixed Platforms.ActiveCfg = Release|Any CPU
		{926E54F4-179B-48A5-A377-8F8641E4428C}.Release|Mixed Platforms.Build.0 = Release|Any CPU
		{926E54F4-179B-48A5-A377-8F8641E4428C}.Release|x64.ActiveCfg = Release|Any CPU
		{926E54F4-179B-48A5-A377-8F8641E4428C}.Release|x86.ActiveCfg = Release|Any CPU
		{926E54F4-179B-48A5-A377-8F8641E4428C}.Release|x86.Build.0 = Release|Any CPU
		{8BD11AF7-C57E-4FDA-BD36-144FE92F7E6A}.Debug|Any CPU.ActiveCfg = Debug|Any CPU
		{8BD11AF7-C57E-4FDA-BD36-144FE92F7E6A}.Debug|Any CPU.Build.0 = Debug|Any CPU
		{8BD11AF7-C57E-4FDA-BD36-144FE92F7E6A}.Debug|ARM.ActiveCfg = Debug|ARM
		{8BD11AF7-C57E-4FDA-BD36-144FE92F7E6A}.Debug|ARM.Build.0 = Debug|ARM
		{8BD11AF7-C57E-4FDA-BD36-144FE92F7E6A}.Debug|Mixed Platforms.ActiveCfg = Debug|x86
		{8BD11AF7-C57E-4FDA-BD36-144FE92F7E6A}.Debug|Mixed Platforms.Build.0 = Debug|x86
		{8BD11AF7-C57E-4FDA-BD36-144FE92F7E6A}.Debug|x64.ActiveCfg = Debug|x64
		{8BD11AF7-C57E-4FDA-BD36-144FE92F7E6A}.Debug|x64.Build.0 = Debug|x64
		{8BD11AF7-C57E-4FDA-BD36-144FE92F7E6A}.Debug|x86.ActiveCfg = Debug|x86
		{8BD11AF7-C57E-4FDA-BD36-144FE92F7E6A}.Debug|x86.Build.0 = Debug|x86
		{8BD11AF7-C57E-4FDA-BD36-144FE92F7E6A}.Release|Any CPU.ActiveCfg = Release|Any CPU
		{8BD11AF7-C57E-4FDA-BD36-144FE92F7E6A}.Release|Any CPU.Build.0 = Release|Any CPU
		{8BD11AF7-C57E-4FDA-BD36-144FE92F7E6A}.Release|ARM.ActiveCfg = Release|x86
		{8BD11AF7-C57E-4FDA-BD36-144FE92F7E6A}.Release|ARM.Build.0 = Release|x86
		{8BD11AF7-C57E-4FDA-BD36-144FE92F7E6A}.Release|Mixed Platforms.ActiveCfg = Release|x86
		{8BD11AF7-C57E-4FDA-BD36-144FE92F7E6A}.Release|Mixed Platforms.Build.0 = Release|x86
		{8BD11AF7-C57E-4FDA-BD36-144FE92F7E6A}.Release|x64.ActiveCfg = Release|x64
		{8BD11AF7-C57E-4FDA-BD36-144FE92F7E6A}.Release|x64.Build.0 = Release|x64
		{8BD11AF7-C57E-4FDA-BD36-144FE92F7E6A}.Release|x86.ActiveCfg = Release|x86
		{8BD11AF7-C57E-4FDA-BD36-144FE92F7E6A}.Release|x86.Build.0 = Release|x86
		{C427EE44-2534-49F2-A8E9-4FD39131970E}.Debug|Any CPU.ActiveCfg = Debug|Any CPU
		{C427EE44-2534-49F2-A8E9-4FD39131970E}.Debug|Any CPU.Build.0 = Debug|Any CPU
		{C427EE44-2534-49F2-A8E9-4FD39131970E}.Debug|ARM.ActiveCfg = Debug|Any CPU
		{C427EE44-2534-49F2-A8E9-4FD39131970E}.Debug|Mixed Platforms.ActiveCfg = Debug|Any CPU
		{C427EE44-2534-49F2-A8E9-4FD39131970E}.Debug|Mixed Platforms.Build.0 = Debug|Any CPU
		{C427EE44-2534-49F2-A8E9-4FD39131970E}.Debug|x64.ActiveCfg = Debug|Any CPU
		{C427EE44-2534-49F2-A8E9-4FD39131970E}.Debug|x86.ActiveCfg = Debug|Any CPU
		{C427EE44-2534-49F2-A8E9-4FD39131970E}.Release|Any CPU.ActiveCfg = Release|Any CPU
		{C427EE44-2534-49F2-A8E9-4FD39131970E}.Release|Any CPU.Build.0 = Release|Any CPU
		{C427EE44-2534-49F2-A8E9-4FD39131970E}.Release|ARM.ActiveCfg = Release|Any CPU
		{C427EE44-2534-49F2-A8E9-4FD39131970E}.Release|ARM.Build.0 = Release|Any CPU
		{C427EE44-2534-49F2-A8E9-4FD39131970E}.Release|Mixed Platforms.ActiveCfg = Release|Any CPU
		{C427EE44-2534-49F2-A8E9-4FD39131970E}.Release|Mixed Platforms.Build.0 = Release|Any CPU
		{C427EE44-2534-49F2-A8E9-4FD39131970E}.Release|x64.ActiveCfg = Release|Any CPU
		{C427EE44-2534-49F2-A8E9-4FD39131970E}.Release|x86.ActiveCfg = Release|Any CPU
		{C427EE44-2534-49F2-A8E9-4FD39131970E}.Release|x86.Build.0 = Release|Any CPU
		{E5CAA85F-49E8-4EED-A860-DC862780B5C2}.Debug|Any CPU.ActiveCfg = Debug|Any CPU
		{E5CAA85F-49E8-4EED-A860-DC862780B5C2}.Debug|Any CPU.Build.0 = Debug|Any CPU
		{E5CAA85F-49E8-4EED-A860-DC862780B5C2}.Debug|ARM.ActiveCfg = Debug|Any CPU
		{E5CAA85F-49E8-4EED-A860-DC862780B5C2}.Debug|Mixed Platforms.ActiveCfg = Debug|Any CPU
		{E5CAA85F-49E8-4EED-A860-DC862780B5C2}.Debug|Mixed Platforms.Build.0 = Debug|Any CPU
		{E5CAA85F-49E8-4EED-A860-DC862780B5C2}.Debug|x64.ActiveCfg = Debug|Any CPU
		{E5CAA85F-49E8-4EED-A860-DC862780B5C2}.Debug|x86.ActiveCfg = Debug|Any CPU
		{E5CAA85F-49E8-4EED-A860-DC862780B5C2}.Release|Any CPU.ActiveCfg = Release|Any CPU
		{E5CAA85F-49E8-4EED-A860-DC862780B5C2}.Release|Any CPU.Build.0 = Release|Any CPU
		{E5CAA85F-49E8-4EED-A860-DC862780B5C2}.Release|ARM.ActiveCfg = Release|Any CPU
		{E5CAA85F-49E8-4EED-A860-DC862780B5C2}.Release|ARM.Build.0 = Release|Any CPU
		{E5CAA85F-49E8-4EED-A860-DC862780B5C2}.Release|Mixed Platforms.ActiveCfg = Release|Any CPU
		{E5CAA85F-49E8-4EED-A860-DC862780B5C2}.Release|Mixed Platforms.Build.0 = Release|Any CPU
		{E5CAA85F-49E8-4EED-A860-DC862780B5C2}.Release|x64.ActiveCfg = Release|Any CPU
		{E5CAA85F-49E8-4EED-A860-DC862780B5C2}.Release|x86.ActiveCfg = Release|Any CPU
		{E5CAA85F-49E8-4EED-A860-DC862780B5C2}.Release|x86.Build.0 = Release|Any CPU
		{E884A056-F6D7-4221-A11D-388E1DEBB890}.Debug|Any CPU.ActiveCfg = Debug|Any CPU
		{E884A056-F6D7-4221-A11D-388E1DEBB890}.Debug|Any CPU.Build.0 = Debug|Any CPU
		{E884A056-F6D7-4221-A11D-388E1DEBB890}.Debug|ARM.ActiveCfg = Debug|Any CPU
		{E884A056-F6D7-4221-A11D-388E1DEBB890}.Debug|Mixed Platforms.ActiveCfg = Debug|Any CPU
		{E884A056-F6D7-4221-A11D-388E1DEBB890}.Debug|Mixed Platforms.Build.0 = Debug|Any CPU
		{E884A056-F6D7-4221-A11D-388E1DEBB890}.Debug|x64.ActiveCfg = Debug|Any CPU
		{E884A056-F6D7-4221-A11D-388E1DEBB890}.Debug|x86.ActiveCfg = Debug|Any CPU
		{E884A056-F6D7-4221-A11D-388E1DEBB890}.Release|Any CPU.ActiveCfg = Release|Any CPU
		{E884A056-F6D7-4221-A11D-388E1DEBB890}.Release|Any CPU.Build.0 = Release|Any CPU
		{E884A056-F6D7-4221-A11D-388E1DEBB890}.Release|ARM.ActiveCfg = Release|Any CPU
		{E884A056-F6D7-4221-A11D-388E1DEBB890}.Release|ARM.Build.0 = Release|Any CPU
		{E884A056-F6D7-4221-A11D-388E1DEBB890}.Release|Mixed Platforms.ActiveCfg = Release|Any CPU
		{E884A056-F6D7-4221-A11D-388E1DEBB890}.Release|Mixed Platforms.Build.0 = Release|Any CPU
		{E884A056-F6D7-4221-A11D-388E1DEBB890}.Release|x64.ActiveCfg = Release|Any CPU
		{E884A056-F6D7-4221-A11D-388E1DEBB890}.Release|x86.ActiveCfg = Release|Any CPU
		{E884A056-F6D7-4221-A11D-388E1DEBB890}.Release|x86.Build.0 = Release|Any CPU
		{D554E2F9-2E62-45E0-B8B7-B253D2942E33}.Debug|Any CPU.ActiveCfg = Debug|Any CPU
		{D554E2F9-2E62-45E0-B8B7-B253D2942E33}.Debug|Any CPU.Build.0 = Debug|Any CPU
		{D554E2F9-2E62-45E0-B8B7-B253D2942E33}.Debug|ARM.ActiveCfg = Debug|Any CPU
		{D554E2F9-2E62-45E0-B8B7-B253D2942E33}.Debug|Mixed Platforms.ActiveCfg = Debug|Any CPU
		{D554E2F9-2E62-45E0-B8B7-B253D2942E33}.Debug|Mixed Platforms.Build.0 = Debug|Any CPU
		{D554E2F9-2E62-45E0-B8B7-B253D2942E33}.Debug|x64.ActiveCfg = Debug|Any CPU
		{D554E2F9-2E62-45E0-B8B7-B253D2942E33}.Debug|x86.ActiveCfg = Debug|Any CPU
		{D554E2F9-2E62-45E0-B8B7-B253D2942E33}.Release|Any CPU.ActiveCfg = Release|Any CPU
		{D554E2F9-2E62-45E0-B8B7-B253D2942E33}.Release|Any CPU.Build.0 = Release|Any CPU
		{D554E2F9-2E62-45E0-B8B7-B253D2942E33}.Release|ARM.ActiveCfg = Release|Any CPU
		{D554E2F9-2E62-45E0-B8B7-B253D2942E33}.Release|ARM.Build.0 = Release|Any CPU
		{D554E2F9-2E62-45E0-B8B7-B253D2942E33}.Release|Mixed Platforms.ActiveCfg = Release|Any CPU
		{D554E2F9-2E62-45E0-B8B7-B253D2942E33}.Release|Mixed Platforms.Build.0 = Release|Any CPU
		{D554E2F9-2E62-45E0-B8B7-B253D2942E33}.Release|x64.ActiveCfg = Release|Any CPU
		{D554E2F9-2E62-45E0-B8B7-B253D2942E33}.Release|x86.ActiveCfg = Release|Any CPU
		{D554E2F9-2E62-45E0-B8B7-B253D2942E33}.Release|x86.Build.0 = Release|Any CPU
		{1FA69077-30CF-404E-B773-A99A62E36A78}.Debug|Any CPU.ActiveCfg = Debug|Any CPU
		{1FA69077-30CF-404E-B773-A99A62E36A78}.Debug|Any CPU.Build.0 = Debug|Any CPU
		{1FA69077-30CF-404E-B773-A99A62E36A78}.Debug|ARM.ActiveCfg = Debug|Any CPU
		{1FA69077-30CF-404E-B773-A99A62E36A78}.Debug|Mixed Platforms.ActiveCfg = Debug|Any CPU
		{1FA69077-30CF-404E-B773-A99A62E36A78}.Debug|Mixed Platforms.Build.0 = Debug|Any CPU
		{1FA69077-30CF-404E-B773-A99A62E36A78}.Debug|x64.ActiveCfg = Debug|Any CPU
		{1FA69077-30CF-404E-B773-A99A62E36A78}.Debug|x86.ActiveCfg = Debug|Any CPU
		{1FA69077-30CF-404E-B773-A99A62E36A78}.Release|Any CPU.ActiveCfg = Release|Any CPU
		{1FA69077-30CF-404E-B773-A99A62E36A78}.Release|Any CPU.Build.0 = Release|Any CPU
		{1FA69077-30CF-404E-B773-A99A62E36A78}.Release|ARM.ActiveCfg = Release|Any CPU
		{1FA69077-30CF-404E-B773-A99A62E36A78}.Release|ARM.Build.0 = Release|Any CPU
		{1FA69077-30CF-404E-B773-A99A62E36A78}.Release|Mixed Platforms.ActiveCfg = Release|Any CPU
		{1FA69077-30CF-404E-B773-A99A62E36A78}.Release|Mixed Platforms.Build.0 = Release|Any CPU
		{1FA69077-30CF-404E-B773-A99A62E36A78}.Release|x64.ActiveCfg = Release|Any CPU
		{1FA69077-30CF-404E-B773-A99A62E36A78}.Release|x86.ActiveCfg = Release|Any CPU
		{877F12EA-A160-4EF6-9A77-7A4F1D3AA100}.Debug|Any CPU.ActiveCfg = Debug|Any CPU
		{877F12EA-A160-4EF6-9A77-7A4F1D3AA100}.Debug|Any CPU.Build.0 = Debug|Any CPU
		{877F12EA-A160-4EF6-9A77-7A4F1D3AA100}.Debug|ARM.ActiveCfg = Debug|Any CPU
		{877F12EA-A160-4EF6-9A77-7A4F1D3AA100}.Debug|Mixed Platforms.ActiveCfg = Debug|Any CPU
		{877F12EA-A160-4EF6-9A77-7A4F1D3AA100}.Debug|Mixed Platforms.Build.0 = Debug|Any CPU
		{877F12EA-A160-4EF6-9A77-7A4F1D3AA100}.Debug|x64.ActiveCfg = Debug|Any CPU
		{877F12EA-A160-4EF6-9A77-7A4F1D3AA100}.Debug|x86.ActiveCfg = Debug|Any CPU
		{877F12EA-A160-4EF6-9A77-7A4F1D3AA100}.Release|Any CPU.ActiveCfg = Release|Any CPU
		{877F12EA-A160-4EF6-9A77-7A4F1D3AA100}.Release|Any CPU.Build.0 = Release|Any CPU
		{877F12EA-A160-4EF6-9A77-7A4F1D3AA100}.Release|ARM.ActiveCfg = Release|Any CPU
		{877F12EA-A160-4EF6-9A77-7A4F1D3AA100}.Release|ARM.Build.0 = Release|Any CPU
		{877F12EA-A160-4EF6-9A77-7A4F1D3AA100}.Release|Mixed Platforms.ActiveCfg = Release|Any CPU
		{877F12EA-A160-4EF6-9A77-7A4F1D3AA100}.Release|Mixed Platforms.Build.0 = Release|Any CPU
		{877F12EA-A160-4EF6-9A77-7A4F1D3AA100}.Release|x64.ActiveCfg = Release|Any CPU
		{877F12EA-A160-4EF6-9A77-7A4F1D3AA100}.Release|x86.ActiveCfg = Release|Any CPU
		{55DE4C03-A52F-46D6-AF07-06CA93DC7C6D}.Debug|Any CPU.ActiveCfg = Debug|Any CPU
		{55DE4C03-A52F-46D6-AF07-06CA93DC7C6D}.Debug|Any CPU.Build.0 = Debug|Any CPU
		{55DE4C03-A52F-46D6-AF07-06CA93DC7C6D}.Debug|ARM.ActiveCfg = Debug|Any CPU
		{55DE4C03-A52F-46D6-AF07-06CA93DC7C6D}.Debug|Mixed Platforms.ActiveCfg = Debug|Any CPU
		{55DE4C03-A52F-46D6-AF07-06CA93DC7C6D}.Debug|Mixed Platforms.Build.0 = Debug|Any CPU
		{55DE4C03-A52F-46D6-AF07-06CA93DC7C6D}.Debug|x64.ActiveCfg = Debug|Any CPU
		{55DE4C03-A52F-46D6-AF07-06CA93DC7C6D}.Debug|x86.ActiveCfg = Debug|Any CPU
		{55DE4C03-A52F-46D6-AF07-06CA93DC7C6D}.Release|Any CPU.ActiveCfg = Release|Any CPU
		{55DE4C03-A52F-46D6-AF07-06CA93DC7C6D}.Release|Any CPU.Build.0 = Release|Any CPU
		{55DE4C03-A52F-46D6-AF07-06CA93DC7C6D}.Release|ARM.ActiveCfg = Release|Any CPU
		{55DE4C03-A52F-46D6-AF07-06CA93DC7C6D}.Release|ARM.Build.0 = Release|Any CPU
		{55DE4C03-A52F-46D6-AF07-06CA93DC7C6D}.Release|Mixed Platforms.ActiveCfg = Release|Any CPU
		{55DE4C03-A52F-46D6-AF07-06CA93DC7C6D}.Release|Mixed Platforms.Build.0 = Release|Any CPU
		{55DE4C03-A52F-46D6-AF07-06CA93DC7C6D}.Release|x64.ActiveCfg = Release|Any CPU
		{55DE4C03-A52F-46D6-AF07-06CA93DC7C6D}.Release|x86.ActiveCfg = Release|Any CPU
		{8A0159CE-0592-4CE8-A125-17021B92820E}.Debug|Any CPU.ActiveCfg = Debug|Any CPU
		{8A0159CE-0592-4CE8-A125-17021B92820E}.Debug|Any CPU.Build.0 = Debug|Any CPU
		{8A0159CE-0592-4CE8-A125-17021B92820E}.Debug|ARM.ActiveCfg = Debug|ARM
		{8A0159CE-0592-4CE8-A125-17021B92820E}.Debug|ARM.Build.0 = Debug|ARM
		{8A0159CE-0592-4CE8-A125-17021B92820E}.Debug|Mixed Platforms.ActiveCfg = Debug|x86
		{8A0159CE-0592-4CE8-A125-17021B92820E}.Debug|Mixed Platforms.Build.0 = Debug|x86
		{8A0159CE-0592-4CE8-A125-17021B92820E}.Debug|x64.ActiveCfg = Debug|Any CPU
		{8A0159CE-0592-4CE8-A125-17021B92820E}.Debug|x86.ActiveCfg = Debug|x86
		{8A0159CE-0592-4CE8-A125-17021B92820E}.Debug|x86.Build.0 = Debug|x86
		{8A0159CE-0592-4CE8-A125-17021B92820E}.Release|Any CPU.ActiveCfg = Release|Any CPU
		{8A0159CE-0592-4CE8-A125-17021B92820E}.Release|Any CPU.Build.0 = Release|Any CPU
		{8A0159CE-0592-4CE8-A125-17021B92820E}.Release|ARM.ActiveCfg = Release|ARM
		{8A0159CE-0592-4CE8-A125-17021B92820E}.Release|ARM.Build.0 = Release|ARM
		{8A0159CE-0592-4CE8-A125-17021B92820E}.Release|Mixed Platforms.ActiveCfg = Release|x86
		{8A0159CE-0592-4CE8-A125-17021B92820E}.Release|Mixed Platforms.Build.0 = Release|x86
		{8A0159CE-0592-4CE8-A125-17021B92820E}.Release|x64.ActiveCfg = Release|Any CPU
		{8A0159CE-0592-4CE8-A125-17021B92820E}.Release|x86.ActiveCfg = Release|x86
		{8A0159CE-0592-4CE8-A125-17021B92820E}.Release|x86.Build.0 = Release|x86
		{EFA2B544-93D4-4C7A-B6FF-A87CFE6B99BB}.Debug|Any CPU.ActiveCfg = Debug|Any CPU
		{EFA2B544-93D4-4C7A-B6FF-A87CFE6B99BB}.Debug|Any CPU.Build.0 = Debug|Any CPU
		{EFA2B544-93D4-4C7A-B6FF-A87CFE6B99BB}.Debug|ARM.ActiveCfg = Debug|ARM
		{EFA2B544-93D4-4C7A-B6FF-A87CFE6B99BB}.Debug|ARM.Build.0 = Debug|ARM
		{EFA2B544-93D4-4C7A-B6FF-A87CFE6B99BB}.Debug|Mixed Platforms.ActiveCfg = Debug|x86
		{EFA2B544-93D4-4C7A-B6FF-A87CFE6B99BB}.Debug|Mixed Platforms.Build.0 = Debug|x86
		{EFA2B544-93D4-4C7A-B6FF-A87CFE6B99BB}.Debug|x64.ActiveCfg = Debug|Any CPU
		{EFA2B544-93D4-4C7A-B6FF-A87CFE6B99BB}.Debug|x86.ActiveCfg = Debug|x86
		{EFA2B544-93D4-4C7A-B6FF-A87CFE6B99BB}.Debug|x86.Build.0 = Debug|x86
		{EFA2B544-93D4-4C7A-B6FF-A87CFE6B99BB}.Release|Any CPU.ActiveCfg = Release|Any CPU
		{EFA2B544-93D4-4C7A-B6FF-A87CFE6B99BB}.Release|Any CPU.Build.0 = Release|Any CPU
		{EFA2B544-93D4-4C7A-B6FF-A87CFE6B99BB}.Release|ARM.ActiveCfg = Release|ARM
		{EFA2B544-93D4-4C7A-B6FF-A87CFE6B99BB}.Release|ARM.Build.0 = Release|ARM
		{EFA2B544-93D4-4C7A-B6FF-A87CFE6B99BB}.Release|Mixed Platforms.ActiveCfg = Release|x86
		{EFA2B544-93D4-4C7A-B6FF-A87CFE6B99BB}.Release|Mixed Platforms.Build.0 = Release|x86
		{EFA2B544-93D4-4C7A-B6FF-A87CFE6B99BB}.Release|x64.ActiveCfg = Release|Any CPU
		{EFA2B544-93D4-4C7A-B6FF-A87CFE6B99BB}.Release|x86.ActiveCfg = Release|x86
		{EFA2B544-93D4-4C7A-B6FF-A87CFE6B99BB}.Release|x86.Build.0 = Release|x86
	EndGlobalSection
	GlobalSection(SolutionProperties) = preSolution
		HideSolutionNode = FALSE
	EndGlobalSection
	GlobalSection(NestedProjects) = preSolution
		{94F07243-7134-4B13-8C81-79FFE8A07C26} = {BDC77C45-C944-4056-88B0-D31E1F76CCDC}
		{21604DDD-B854-414E-886C-AD1CE16A95CC} = {BDC77C45-C944-4056-88B0-D31E1F76CCDC}
		{F24DAA85-2801-4009-B7EC-01413749A453} = {BDC77C45-C944-4056-88B0-D31E1F76CCDC}
	EndGlobalSection
EndGlobal
